
Microsoft Visual Studio Solution File, Format Version 12.00
# Visual Studio Version 16
VisualStudioVersion = 16.0.32602.291
MinimumVisualStudioVersion = 10.0.40219.1
Project("{2150E333-8FDC-42A3-9474-1A3956D46DE8}") = "DataAccess", "DataAccess", "{71A5FBF7-7B30-42C4-9E9E-6BB10941B090}"
EndProject
Project("{2150E333-8FDC-42A3-9474-1A3956D46DE8}") = "Host", "Host", "{76885C4C-F483-4D53-9246-15BFED4B0AE3}"
EndProject
Project("{2150E333-8FDC-42A3-9474-1A3956D46DE8}") = "Entities", "Entities", "{2114A934-0F0A-4C33-A15E-1CBFD9288E1B}"
EndProject
Project("{2150E333-8FDC-42A3-9474-1A3956D46DE8}") = "Api", "Api", "{FFD56954-C230-4F99-946E-E80EE8315F80}"
EndProject
Project("{9A19103F-16F7-4668-BE54-9A1E7A4F7556}") = "Pizzaria.DataAccess.Sql", "Pizzaria.DataAccess.Sql\Pizzaria.DataAccess.Sql.csproj", "{381322E2-E736-4B5E-B14F-8E437C7056E2}"
EndProject
Project("{9A19103F-16F7-4668-BE54-9A1E7A4F7556}") = "Pizzaria.Repository", "Pizzaria.Repository\Pizzaria.Repository.csproj", "{0EF8B071-28A4-4FE3-BC7A-6370012D6307}"
EndProject
Project("{9A19103F-16F7-4668-BE54-9A1E7A4F7556}") = "Pizzaria.Entities", "Pizzaria.Entities\Pizzaria.Entities.csproj", "{5961CDCA-D0B8-4B32-A278-102E1DAA327B}"
EndProject
Project("{9A19103F-16F7-4668-BE54-9A1E7A4F7556}") = "Pizzaria.Function.Api", "Pizzaria.Function.Api\Pizzaria.Function.Api.csproj", "{C842DEB5-651A-4D3E-878C-68C6F46F1CAD}"
EndProject
Project("{2150E333-8FDC-42A3-9474-1A3956D46DE8}") = "Tests", "Tests", "{1397D7E7-F818-438A-814E-ED2962D46B85}"
EndProject
Project("{9A19103F-16F7-4668-BE54-9A1E7A4F7556}") = "Pizzaria.Function.Api.Tests", "Pizzaria.Function.Api.Tests\Pizzaria.Function.Api.Tests.csproj", "{2DFB5D2F-CB25-401D-A7E1-A2FEEB553021}"
EndProject
Project("{9A19103F-16F7-4668-BE54-9A1E7A4F7556}") = "Pizzaria.Function.Repository.Tests", "Pizzaria.Function.Repository.Tests\Pizzaria.Function.Repository.Tests.csproj", "{EF4E33D3-6C58-4237-BCDE-9B787687DFF7}"
EndProject
Global
	GlobalSection(SolutionConfigurationPlatforms) = preSolution
		Debug|Any CPU = Debug|Any CPU
		Release|Any CPU = Release|Any CPU
	EndGlobalSection
	GlobalSection(ProjectConfigurationPlatforms) = postSolution
		{381322E2-E736-4B5E-B14F-8E437C7056E2}.Debug|Any CPU.ActiveCfg = Debug|Any CPU
		{381322E2-E736-4B5E-B14F-8E437C7056E2}.Debug|Any CPU.Build.0 = Debug|Any CPU
		{381322E2-E736-4B5E-B14F-8E437C7056E2}.Release|Any CPU.ActiveCfg = Release|Any CPU
		{381322E2-E736-4B5E-B14F-8E437C7056E2}.Release|Any CPU.Build.0 = Release|Any CPU
		{0EF8B071-28A4-4FE3-BC7A-6370012D6307}.Debug|Any CPU.ActiveCfg = Debug|Any CPU
		{0EF8B071-28A4-4FE3-BC7A-6370012D6307}.Debug|Any CPU.Build.0 = Debug|Any CPU
		{0EF8B071-28A4-4FE3-BC7A-6370012D6307}.Release|Any CPU.ActiveCfg = Release|Any CPU
		{0EF8B071-28A4-4FE3-BC7A-6370012D6307}.Release|Any CPU.Build.0 = Release|Any CPU
		{5961CDCA-D0B8-4B32-A278-102E1DAA327B}.Debug|Any CPU.ActiveCfg = Debug|Any CPU
		{5961CDCA-D0B8-4B32-A278-102E1DAA327B}.Debug|Any CPU.Build.0 = Debug|Any CPU
		{5961CDCA-D0B8-4B32-A278-102E1DAA327B}.Release|Any CPU.ActiveCfg = Release|Any CPU
		{5961CDCA-D0B8-4B32-A278-102E1DAA327B}.Release|Any CPU.Build.0 = Release|Any CPU
		{C842DEB5-651A-4D3E-878C-68C6F46F1CAD}.Debug|Any CPU.ActiveCfg = Debug|Any CPU
		{C842DEB5-651A-4D3E-878C-68C6F46F1CAD}.Debug|Any CPU.Build.0 = Debug|Any CPU
		{C842DEB5-651A-4D3E-878C-68C6F46F1CAD}.Release|Any CPU.ActiveCfg = Release|Any CPU
		{C842DEB5-651A-4D3E-878C-68C6F46F1CAD}.Release|Any CPU.Build.0 = Release|Any CPU
		{2DFB5D2F-CB25-401D-A7E1-A2FEEB553021}.Debug|Any CPU.ActiveCfg = Debug|Any CPU
		{2DFB5D2F-CB25-401D-A7E1-A2FEEB553021}.Debug|Any CPU.Build.0 = Debug|Any CPU
		{2DFB5D2F-CB25-401D-A7E1-A2FEEB553021}.Release|Any CPU.ActiveCfg = Release|Any CPU
		{2DFB5D2F-CB25-401D-A7E1-A2FEEB553021}.Release|Any CPU.Build.0 = Release|Any CPU
		{EF4E33D3-6C58-4237-BCDE-9B787687DFF7}.Debug|Any CPU.ActiveCfg = Debug|Any CPU
		{EF4E33D3-6C58-4237-BCDE-9B787687DFF7}.Debug|Any CPU.Build.0 = Debug|Any CPU
		{EF4E33D3-6C58-4237-BCDE-9B787687DFF7}.Release|Any CPU.ActiveCfg = Release|Any CPU
		{EF4E33D3-6C58-4237-BCDE-9B787687DFF7}.Release|Any CPU.Build.0 = Release|Any CPU
	EndGlobalSection
	GlobalSection(SolutionProperties) = preSolution
		HideSolutionNode = FALSE
	EndGlobalSection
	GlobalSection(NestedProjects) = preSolution
		{FFD56954-C230-4F99-946E-E80EE8315F80} = {76885C4C-F483-4D53-9246-15BFED4B0AE3}
		{381322E2-E736-4B5E-B14F-8E437C7056E2} = {71A5FBF7-7B30-42C4-9E9E-6BB10941B090}
		{0EF8B071-28A4-4FE3-BC7A-6370012D6307} = {71A5FBF7-7B30-42C4-9E9E-6BB10941B090}
		{5961CDCA-D0B8-4B32-A278-102E1DAA327B} = {2114A934-0F0A-4C33-A15E-1CBFD9288E1B}
		{C842DEB5-651A-4D3E-878C-68C6F46F1CAD} = {FFD56954-C230-4F99-946E-E80EE8315F80}
		{2DFB5D2F-CB25-401D-A7E1-A2FEEB553021} = {1397D7E7-F818-438A-814E-ED2962D46B85}
		{EF4E33D3-6C58-4237-BCDE-9B787687DFF7} = {1397D7E7-F818-438A-814E-ED2962D46B85}
	EndGlobalSection
	GlobalSection(ExtensibilityGlobals) = postSolution
		SolutionGuid = {D5FE62E7-0C91-4F06-A07A-9DC8B7550E61}
	EndGlobalSection
EndGlobal
